PODS:
  - Alamofire (4.5.1)
  - ModelMapper (7.3.0)
  - Moya (8.0.5):
    - Moya/Core (= 8.0.5)
  - Moya-ModelMapper/Core (4.0.0):
    - ModelMapper
    - Moya (~> 8.0.0)
  - Moya-ModelMapper/RxSwift (4.0.0):
    - Moya-ModelMapper/Core
    - Moya/RxSwift (~> 8.0.0)
    - RxSwift
  - Moya/Core (8.0.5):
    - Alamofire (~> 4.1)
    - Result (~> 3.0)
  - Moya/RxSwift (8.0.5):
    - Moya/Core
    - RxSwift (~> 3.0)
  - Result (3.2.4)
  - RxBlocking (3.6.1):
    - RxSwift (~> 3.6)
  - RxCocoa (3.6.1):
    - RxSwift (~> 3.6)
  - RxDataSources (1.0.4):
    - RxCocoa (~> 3.0)
    - RxSwift (~> 3.0)
  - RxOptional (3.2.0):
    - RxCocoa
    - RxSwift
  - RxSwift (3.6.1)
  - RxTest (3.6.1):
    - RxSwift (~> 3.6)
  - SnapKit (3.1.2)
  - Then (2.3.0)

DEPENDENCIES:
  - ModelMapper
  - Moya-ModelMapper/RxSwift (= 4.0.0)
  - Moya/RxSwift
  - RxBlocking (~> 3.0)
  - RxCocoa (~> 3.0)
  - RxDataSources (~> 1.0)
  - RxOptional
  - RxSwift (~> 3.0)
  - RxTest (~> 3.0)
  - SnapKit (~> 3.1.2)
  - Then (~> 2.1)

SPEC CHECKSUMS:
  Alamofire: 2d95912bf4c34f164fdfc335872e8c312acaea4a
  ModelMapper: b70d373f224fc8cfc4da67b483db163a6cd05fe6
  Moya: c37eec09a098ba9991b5a963b291fc5704bdb9ef
  Moya-ModelMapper: ba729497d947b536837cf377b81c150512245d85
  Result: d2d07204ce72856f1fd9130bbe42c35a7b0fea10
  RxBlocking: 4f4bd5732e8b952e54ae8a57739bcfb645de12bc
  RxCocoa: 84a08739ab186248c7f31ce4ee92d6f8a947d690
  RxDataSources: b3389acc5fe2eefb8fcd81a2b76a876ad08bc82a
  RxOptional: d2d6a68064bc16b4801332c40663967f481b0234
  RxSwift: f9de85ea20cd2f7716ee5409fc13523dc638e4e4
  RxTest: 1d00348a7848c91ab5bf5d197d2378aa6b2bb356
  SnapKit: 12b24f569cb7c143acc9c22b9d91b23e7b1c84a2
  Then: ee21c97b85ff6062b9b0080c9abb1eea46743345

PODFILE CHECKSUM: 483bae426b392200b27a52fe323db64dd6391f74

COCOAPODS: 1.2.0
